
Microsoft Visual Studio Solution File, Format Version 12.00
# Visual Studio Version 17
VisualStudioVersion = 17.12.35707.178 d17.12
MinimumVisualStudioVersion = 10.0.40219.1
Project("{FAE04EC0-301F-11D3-BF4B-00C04F79EFBC}") = "TicketInterface", "TicketInterface\TicketInterface.csproj", "{581BAB7B-4D58-4AEF-BBC1-F7E10D00CDE4}"
EndProject
Global
	GlobalSection(SolutionConfigurationPlatforms) = preSolution
		Debug|Any CPU = Debug|Any CPU
		Release|Any CPU = Release|Any CPU
	EndGlobalSection
	GlobalSection(ProjectConfigurationPlatforms) = postSolution
		{581BAB7B-4D58-4AEF-BBC1-F7E10D00CDE4}.Debug|Any CPU.ActiveCfg = Debug|Any CPU
		{581BAB7B-4D58-4AEF-BBC1-F7E10D00CDE4}.Debug|Any CPU.Build.0 = Debug|Any CPU
		{581BAB7B-4D58-4AEF-BBC1-F7E10D00CDE4}.Release|Any CPU.ActiveCfg = Release|Any CPU
		{581BAB7B-4D58-4AEF-BBC1-F7E10D00CDE4}.Release|Any CPU.Build.0 = Release|Any CPU
	EndGlobalSection
	GlobalSection(SolutionProperties) = preSolution
		HideSolutionNode = FALSE
	EndGlobalSection
EndGlobal
