
Microsoft Visual Studio Solution File, Format Version 12.00
# Visual Studio Version 17
VisualStudioVersion = 17.12.35707.178
MinimumVisualStudioVersion = 10.0.40219.1
Project("{FAE04EC0-301F-11D3-BF4B-00C04F79EFBC}") = "TicketInterface", "TicketInterface\TicketInterface.csproj", "{581BAB7B-4D58-4AEF-BBC1-F7E10D00CDE4}"
EndProject
Project("{FAE04EC0-301F-11D3-BF4B-00C04F79EFBC}") = "AdminInterface.Server", "AdminInterface\AdminInterface.Server\AdminInterface.Server.csproj", "{3BD80BE9-69A4-4D55-BDBD-B26E0691C687}"
EndProject
Project("{54A90642-561A-4BB1-A94E-469ADEE60C69}") = "admininterface.client", "AdminInterface\admininterface.client\admininterface.client.esproj", "{810AB3C6-E3A9-4848-9A21-E569463E539E}"
EndProject
Project("{E53339B2-1760-4266-BCC7-CA923CBCF16C}") = "docker-compose", "docker-compose.dcproj", "{81DDED9D-158B-E303-5F62-77A2896D2A5A}"
EndProject
Project("{2150E333-8FDC-42A3-9474-1A3956D46DE8}") = "Éléments de solution", "Éléments de solution", "{9C8CB701-102D-CF49-A3E0-89AC09D42C2C}"
	ProjectSection(SolutionItems) = preProject
		nginx.conf = nginx.conf
	EndProjectSection
EndProject
Global
	GlobalSection(SolutionConfigurationPlatforms) = preSolution
		Debug|Any CPU = Debug|Any CPU
		Release|Any CPU = Release|Any CPU
	EndGlobalSection
	GlobalSection(ProjectConfigurationPlatforms) = postSolution
		{581BAB7B-4D58-4AEF-BBC1-F7E10D00CDE4}.Debug|Any CPU.ActiveCfg = Debug|Any CPU
		{581BAB7B-4D58-4AEF-BBC1-F7E10D00CDE4}.Debug|Any CPU.Build.0 = Debug|Any CPU
		{581BAB7B-4D58-4AEF-BBC1-F7E10D00CDE4}.Release|Any CPU.ActiveCfg = Release|Any CPU
		{581BAB7B-4D58-4AEF-BBC1-F7E10D00CDE4}.Release|Any CPU.Build.0 = Release|Any CPU
		{3BD80BE9-69A4-4D55-BDBD-B26E0691C687}.Debug|Any CPU.ActiveCfg = Debug|Any CPU
		{3BD80BE9-69A4-4D55-BDBD-B26E0691C687}.Debug|Any CPU.Build.0 = Debug|Any CPU
		{3BD80BE9-69A4-4D55-BDBD-B26E0691C687}.Release|Any CPU.ActiveCfg = Release|Any CPU
		{3BD80BE9-69A4-4D55-BDBD-B26E0691C687}.Release|Any CPU.Build.0 = Release|Any CPU
		{810AB3C6-E3A9-4848-9A21-E569463E539E}.Debug|Any CPU.ActiveCfg = Debug|Any CPU
		{810AB3C6-E3A9-4848-9A21-E569463E539E}.Debug|Any CPU.Build.0 = Debug|Any CPU
		{810AB3C6-E3A9-4848-9A21-E569463E539E}.Debug|Any CPU.Deploy.0 = Debug|Any CPU
		{810AB3C6-E3A9-4848-9A21-E569463E539E}.Release|Any CPU.ActiveCfg = Release|Any CPU
		{810AB3C6-E3A9-4848-9A21-E569463E539E}.Release|Any CPU.Build.0 = Release|Any CPU
		{810AB3C6-E3A9-4848-9A21-E569463E539E}.Release|Any CPU.Deploy.0 = Release|Any CPU
		{81DDED9D-158B-E303-5F62-77A2896D2A5A}.Debug|Any CPU.ActiveCfg = Debug|Any CPU
		{81DDED9D-158B-E303-5F62-77A2896D2A5A}.Debug|Any CPU.Build.0 = Debug|Any CPU
		{81DDED9D-158B-E303-5F62-77A2896D2A5A}.Release|Any CPU.ActiveCfg = Release|Any CPU
		{81DDED9D-158B-E303-5F62-77A2896D2A5A}.Release|Any CPU.Build.0 = Release|Any CPU
	EndGlobalSection
	GlobalSection(SolutionProperties) = preSolution
		HideSolutionNode = FALSE
	EndGlobalSection
	GlobalSection(ExtensibilityGlobals) = postSolution
		SolutionGuid = {F2A1E2B1-4564-40F0-9581-80E734BE338A}
	EndGlobalSection
EndGlobal
